
Microsoft Visual Studio Solution File, Format Version 12.00
# Visual Studio Version 16
VisualStudioVersion = 16.0.33130.400
MinimumVisualStudioVersion = 10.0.40219.1
Project("{FAE04EC0-301F-11D3-BF4B-00C04F79EFBC}") = "MainMethodAssigment", "MainMethodAssigment\MainMethodAssigment.csproj", "{0BC5A487-3B92-4CAF-BBD6-F054378DE2F3}"
EndProject
Global
	GlobalSection(SolutionConfigurationPlatforms) = preSolution
		Debug|Any CPU = Debug|Any CPU
		Release|Any CPU = Release|Any CPU
	EndGlobalSection
	GlobalSection(ProjectConfigurationPlatforms) = postSolution
		{0BC5A487-3B92-4CAF-BBD6-F054378DE2F3}.Debug|Any CPU.ActiveCfg = Debug|Any CPU
		{0BC5A487-3B92-4CAF-BBD6-F054378DE2F3}.Debug|Any CPU.Build.0 = Debug|Any CPU
		{0BC5A487-3B92-4CAF-BBD6-F054378DE2F3}.Release|Any CPU.ActiveCfg = Release|Any CPU
		{0BC5A487-3B92-4CAF-BBD6-F054378DE2F3}.Release|Any CPU.Build.0 = Release|Any CPU
	EndGlobalSection
	GlobalSection(SolutionProperties) = preSolution
		HideSolutionNode = FALSE
	EndGlobalSection
	GlobalSection(ExtensibilityGlobals) = postSolution
		SolutionGuid = {D56C2E5B-C6C0-4172-8CDD-A9D30ECB7A6C}
	EndGlobalSection
EndGlobal
