
Microsoft Visual Studio Solution File, Format Version 12.00
# Visual Studio Version 16
VisualStudioVersion = 16.0.33130.400
MinimumVisualStudioVersion = 10.0.40219.1
Project("{FAE04EC0-301F-11D3-BF4B-00C04F79EFBC}") = "Input", "Input\Input.csproj", "{C6E57A6B-BFD2-4150-83FE-C0C7CBB91858}"
EndProject
Global
	GlobalSection(SolutionConfigurationPlatforms) = preSolution
		Debug|Any CPU = Debug|Any CPU
		Release|Any CPU = Release|Any CPU
	EndGlobalSection
	GlobalSection(ProjectConfigurationPlatforms) = postSolution
		{C6E57A6B-BFD2-4150-83FE-C0C7CBB91858}.Debug|Any CPU.ActiveCfg = Debug|Any CPU
		{C6E57A6B-BFD2-4150-83FE-C0C7CBB91858}.Debug|Any CPU.Build.0 = Debug|Any CPU
		{C6E57A6B-BFD2-4150-83FE-C0C7CBB91858}.Release|Any CPU.ActiveCfg = Release|Any CPU
		{C6E57A6B-BFD2-4150-83FE-C0C7CBB91858}.Release|Any CPU.Build.0 = Release|Any CPU
	EndGlobalSection
	GlobalSection(SolutionProperties) = preSolution
		HideSolutionNode = FALSE
	EndGlobalSection
	GlobalSection(ExtensibilityGlobals) = postSolution
		SolutionGuid = {0AE6FC51-5EE3-4BE9-9D77-0B1947C0A568}
	EndGlobalSection
EndGlobal
