
Microsoft Visual Studio Solution File, Format Version 12.00
# Visual Studio Version 16
VisualStudioVersion = 16.0.33130.400
MinimumVisualStudioVersion = 10.0.40219.1
Project("{FAE04EC0-301F-11D3-BF4B-00C04F79EFBC}") = "myConsoleProject", "myConsoleProject\myConsoleProject.csproj", "{F3CA62D1-4D28-4ABC-8356-C95894409B58}"
EndProject
Global
	GlobalSection(SolutionConfigurationPlatforms) = preSolution
		Debug|Any CPU = Debug|Any CPU
		Release|Any CPU = Release|Any CPU
	EndGlobalSection
	GlobalSection(ProjectConfigurationPlatforms) = postSolution
		{F3CA62D1-4D28-4ABC-8356-C95894409B58}.Debug|Any CPU.ActiveCfg = Debug|Any CPU
		{F3CA62D1-4D28-4ABC-8356-C95894409B58}.Debug|Any CPU.Build.0 = Debug|Any CPU
		{F3CA62D1-4D28-4ABC-8356-C95894409B58}.Release|Any CPU.ActiveCfg = Release|Any CPU
		{F3CA62D1-4D28-4ABC-8356-C95894409B58}.Release|Any CPU.Build.0 = Release|Any CPU
	EndGlobalSection
	GlobalSection(SolutionProperties) = preSolution
		HideSolutionNode = FALSE
	EndGlobalSection
	GlobalSection(ExtensibilityGlobals) = postSolution
		SolutionGuid = {D16618CF-2618-4DA1-8ACA-0782CC24E5B5}
	EndGlobalSection
EndGlobal
