
Microsoft Visual Studio Solution File, Format Version 12.00
# Visual Studio Version 16
VisualStudioVersion = 16.0.33130.400
MinimumVisualStudioVersion = 10.0.40219.1
Project("{FAE04EC0-301F-11D3-BF4B-00C04F79EFBC}") = "ParsingEnums", "ParsingEnums\ParsingEnums.csproj", "{2B821FCD-CF79-465B-B93A-F736BCC7E161}"
EndProject
Global
	GlobalSection(SolutionConfigurationPlatforms) = preSolution
		Debug|Any CPU = Debug|Any CPU
		Release|Any CPU = Release|Any CPU
	EndGlobalSection
	GlobalSection(ProjectConfigurationPlatforms) = postSolution
		{2B821FCD-CF79-465B-B93A-F736BCC7E161}.Debug|Any CPU.ActiveCfg = Debug|Any CPU
		{2B821FCD-CF79-465B-B93A-F736BCC7E161}.Debug|Any CPU.Build.0 = Debug|Any CPU
		{2B821FCD-CF79-465B-B93A-F736BCC7E161}.Release|Any CPU.ActiveCfg = Release|Any CPU
		{2B821FCD-CF79-465B-B93A-F736BCC7E161}.Release|Any CPU.Build.0 = Release|Any CPU
	EndGlobalSection
	GlobalSection(SolutionProperties) = preSolution
		HideSolutionNode = FALSE
	EndGlobalSection
	GlobalSection(ExtensibilityGlobals) = postSolution
		SolutionGuid = {C908D614-B781-41DE-BBE9-8368BB401E6A}
	EndGlobalSection
EndGlobal
