
Microsoft Visual Studio Solution File, Format Version 12.00
# Visual Studio Version 16
VisualStudioVersion = 16.0.33130.400
MinimumVisualStudioVersion = 10.0.40219.1
Project("{FAE04EC0-301F-11D3-BF4B-00C04F79EFBC}") = "SIX-PART Console App Assignment", "SIX-PART Console App Assignment\SIX-PART Console App Assignment.csproj", "{0992831B-D85A-4406-9A17-4F70A0607602}"
EndProject
Global
	GlobalSection(SolutionConfigurationPlatforms) = preSolution
		Debug|Any CPU = Debug|Any CPU
		Release|Any CPU = Release|Any CPU
	EndGlobalSection
	GlobalSection(ProjectConfigurationPlatforms) = postSolution
		{0992831B-D85A-4406-9A17-4F70A0607602}.Debug|Any CPU.ActiveCfg = Debug|Any CPU
		{0992831B-D85A-4406-9A17-4F70A0607602}.Debug|Any CPU.Build.0 = Debug|Any CPU
		{0992831B-D85A-4406-9A17-4F70A0607602}.Release|Any CPU.ActiveCfg = Release|Any CPU
		{0992831B-D85A-4406-9A17-4F70A0607602}.Release|Any CPU.Build.0 = Release|Any CPU
	EndGlobalSection
	GlobalSection(SolutionProperties) = preSolution
		HideSolutionNode = FALSE
	EndGlobalSection
	GlobalSection(ExtensibilityGlobals) = postSolution
		SolutionGuid = {F2E779D1-C38B-4006-B31A-A34F4BEBD1CC}
	EndGlobalSection
EndGlobal
