
Microsoft Visual Studio Solution File, Format Version 12.00
# Visual Studio Version 16
VisualStudioVersion = 16.0.33130.400
MinimumVisualStudioVersion = 10.0.40219.1
Project("{FAE04EC0-301F-11D3-BF4B-00C04F79EFBC}") = "DateTime", "DateTime\DateTime.csproj", "{04DA8D1B-E3B6-41A6-847F-26647D47C748}"
EndProject
Global
	GlobalSection(SolutionConfigurationPlatforms) = preSolution
		Debug|Any CPU = Debug|Any CPU
		Release|Any CPU = Release|Any CPU
	EndGlobalSection
	GlobalSection(ProjectConfigurationPlatforms) = postSolution
		{04DA8D1B-E3B6-41A6-847F-26647D47C748}.Debug|Any CPU.ActiveCfg = Debug|Any CPU
		{04DA8D1B-E3B6-41A6-847F-26647D47C748}.Debug|Any CPU.Build.0 = Debug|Any CPU
		{04DA8D1B-E3B6-41A6-847F-26647D47C748}.Release|Any CPU.ActiveCfg = Release|Any CPU
		{04DA8D1B-E3B6-41A6-847F-26647D47C748}.Release|Any CPU.Build.0 = Release|Any CPU
	EndGlobalSection
	GlobalSection(SolutionProperties) = preSolution
		HideSolutionNode = FALSE
	EndGlobalSection
	GlobalSection(ExtensibilityGlobals) = postSolution
		SolutionGuid = {A4105D2D-9880-4509-8D98-4FB36D0966C3}
	EndGlobalSection
EndGlobal
