
Microsoft Visual Studio Solution File, Format Version 12.00
# Visual Studio Version 16
VisualStudioVersion = 16.0.33130.400
MinimumVisualStudioVersion = 10.0.40219.1
Project("{FAE04EC0-301F-11D3-BF4B-00C04F79EFBC}") = "MethodClass", "MethodClass\MethodClass.csproj", "{0B71ABC2-2CFE-450E-B119-7F9E27093680}"
EndProject
Global
	GlobalSection(SolutionConfigurationPlatforms) = preSolution
		Debug|Any CPU = Debug|Any CPU
		Release|Any CPU = Release|Any CPU
	EndGlobalSection
	GlobalSection(ProjectConfigurationPlatforms) = postSolution
		{0B71ABC2-2CFE-450E-B119-7F9E27093680}.Debug|Any CPU.ActiveCfg = Debug|Any CPU
		{0B71ABC2-2CFE-450E-B119-7F9E27093680}.Debug|Any CPU.Build.0 = Debug|Any CPU
		{0B71ABC2-2CFE-450E-B119-7F9E27093680}.Release|Any CPU.ActiveCfg = Release|Any CPU
		{0B71ABC2-2CFE-450E-B119-7F9E27093680}.Release|Any CPU.Build.0 = Release|Any CPU
	EndGlobalSection
	GlobalSection(SolutionProperties) = preSolution
		HideSolutionNode = FALSE
	EndGlobalSection
	GlobalSection(ExtensibilityGlobals) = postSolution
		SolutionGuid = {DF2FCEE8-79A3-465D-895B-0AE0CE0031E9}
	EndGlobalSection
EndGlobal
