
Microsoft Visual Studio Solution File, Format Version 12.00
# Visual Studio Version 16
VisualStudioVersion = 16.0.33130.400
MinimumVisualStudioVersion = 10.0.40219.1
Project("{FAE04EC0-301F-11D3-BF4B-00C04F79EFBC}") = "STRING ASSIGNMENT", "STRING ASSIGNMENT\STRING ASSIGNMENT.csproj", "{9DB15625-B7A0-4AFB-AF08-110E4C7847F5}"
EndProject
Global
	GlobalSection(SolutionConfigurationPlatforms) = preSolution
		Debug|Any CPU = Debug|Any CPU
		Release|Any CPU = Release|Any CPU
	EndGlobalSection
	GlobalSection(ProjectConfigurationPlatforms) = postSolution
		{9DB15625-B7A0-4AFB-AF08-110E4C7847F5}.Debug|Any CPU.ActiveCfg = Debug|Any CPU
		{9DB15625-B7A0-4AFB-AF08-110E4C7847F5}.Debug|Any CPU.Build.0 = Debug|Any CPU
		{9DB15625-B7A0-4AFB-AF08-110E4C7847F5}.Release|Any CPU.ActiveCfg = Release|Any CPU
		{9DB15625-B7A0-4AFB-AF08-110E4C7847F5}.Release|Any CPU.Build.0 = Release|Any CPU
	EndGlobalSection
	GlobalSection(SolutionProperties) = preSolution
		HideSolutionNode = FALSE
	EndGlobalSection
	GlobalSection(ExtensibilityGlobals) = postSolution
		SolutionGuid = {2483ECC8-AC33-4B34-AE7D-D267C96297FE}
	EndGlobalSection
EndGlobal
