
Microsoft Visual Studio Solution File, Format Version 12.00
# Visual Studio Version 16
VisualStudioVersion = 16.0.33130.400
MinimumVisualStudioVersion = 10.0.40219.1
Project("{FAE04EC0-301F-11D3-BF4B-00C04F79EFBC}") = "while_do_whilestatement", "while_do_whilestatement\while_do_whilestatement.csproj", "{184C628C-F258-4801-8396-75CAD0E7B9EF}"
EndProject
Global
	GlobalSection(SolutionConfigurationPlatforms) = preSolution
		Debug|Any CPU = Debug|Any CPU
		Release|Any CPU = Release|Any CPU
	EndGlobalSection
	GlobalSection(ProjectConfigurationPlatforms) = postSolution
		{184C628C-F258-4801-8396-75CAD0E7B9EF}.Debug|Any CPU.ActiveCfg = Debug|Any CPU
		{184C628C-F258-4801-8396-75CAD0E7B9EF}.Debug|Any CPU.Build.0 = Debug|Any CPU
		{184C628C-F258-4801-8396-75CAD0E7B9EF}.Release|Any CPU.ActiveCfg = Release|Any CPU
		{184C628C-F258-4801-8396-75CAD0E7B9EF}.Release|Any CPU.Build.0 = Release|Any CPU
	EndGlobalSection
	GlobalSection(SolutionProperties) = preSolution
		HideSolutionNode = FALSE
	EndGlobalSection
	GlobalSection(ExtensibilityGlobals) = postSolution
		SolutionGuid = {B4683F67-9F85-4884-9534-EA4BB4038436}
	EndGlobalSection
EndGlobal
