
Microsoft Visual Studio Solution File, Format Version 12.00
# Visual Studio Version 16
VisualStudioVersion = 16.0.33130.400
MinimumVisualStudioVersion = 10.0.40219.1
Project("{FAE04EC0-301F-11D3-BF4B-00C04F79EFBC}") = "TryCatch", "TryCatch\TryCatch.csproj", "{3C10CE81-8C3C-4F3B-99E4-AC8739F57A71}"
EndProject
Global
	GlobalSection(SolutionConfigurationPlatforms) = preSolution
		Debug|Any CPU = Debug|Any CPU
		Release|Any CPU = Release|Any CPU
	EndGlobalSection
	GlobalSection(ProjectConfigurationPlatforms) = postSolution
		{3C10CE81-8C3C-4F3B-99E4-AC8739F57A71}.Debug|Any CPU.ActiveCfg = Debug|Any CPU
		{3C10CE81-8C3C-4F3B-99E4-AC8739F57A71}.Debug|Any CPU.Build.0 = Debug|Any CPU
		{3C10CE81-8C3C-4F3B-99E4-AC8739F57A71}.Release|Any CPU.ActiveCfg = Release|Any CPU
		{3C10CE81-8C3C-4F3B-99E4-AC8739F57A71}.Release|Any CPU.Build.0 = Release|Any CPU
	EndGlobalSection
	GlobalSection(SolutionProperties) = preSolution
		HideSolutionNode = FALSE
	EndGlobalSection
	GlobalSection(ExtensibilityGlobals) = postSolution
		SolutionGuid = {346F125C-2C86-4FEB-8B67-328B552AB720}
	EndGlobalSection
EndGlobal
